{
  "nodes": {
    "nixpkgs": {
      "locked": {
        "lastModified": 1751900560,
        "narHash": "sha256-iphcRT6KRF9zIggnpeyWzn48lPDQrZJg1sbsDasWgLo=",
        "owner": "NixOS",
        "repo": "nixpkgs",
        "rev": "81f3c6522818238b064db50b9b38eb08f0125b02",
        "type": "github"
      },
      "original": {
        "owner": "NixOS",
        "repo": "nixpkgs",
        "type": "github"
      }
    },
    "root": {
      "inputs": {
        "nixpkgs": "nixpkgs"
      }
    }
  },
  "root": "root",
  "version": 7
}
